
Microsoft Visual Studio Solution File, Format Version 12.00
# Visual Studio Version 17
VisualStudioVersion = 17.4.33403.182
MinimumVisualStudioVersion = 10.0.40219.1
Project("{FAE04EC0-301F-11D3-BF4B-00C04F79EFBC}") = "MyAddressBookApi", "MyAddressBookApi\MyAddressBookApi.csproj", "{A868DB87-B314-40CF-864E-B542C9AC4854}"
EndProject
Global
	GlobalSection(SolutionConfigurationPlatforms) = preSolution
		Debug|Any CPU = Debug|Any CPU
		Release|Any CPU = Release|Any CPU
	EndGlobalSection
	GlobalSection(ProjectConfigurationPlatforms) = postSolution
		{A868DB87-B314-40CF-864E-B542C9AC4854}.Debug|Any CPU.ActiveCfg = Debug|Any CPU
		{A868DB87-B314-40CF-864E-B542C9AC4854}.Debug|Any CPU.Build.0 = Debug|Any CPU
		{A868DB87-B314-40CF-864E-B542C9AC4854}.Release|Any CPU.ActiveCfg = Release|Any CPU
		{A868DB87-B314-40CF-864E-B542C9AC4854}.Release|Any CPU.Build.0 = Release|Any CPU
	EndGlobalSection
	GlobalSection(SolutionProperties) = preSolution
		HideSolutionNode = FALSE
	EndGlobalSection
	GlobalSection(ExtensibilityGlobals) = postSolution
		SolutionGuid = {DF57DC99-187E-43CB-A89C-08067C9D8B4F}
	EndGlobalSection
EndGlobal
